// !$*UTF8*$!
{
	archiveVersion = 1;
	classes = {
	};
	objectVersion = 56;
	objects = {

/* Begin PBXBuildFile section */
		A001 /* OfflineApp.swift in Sources */ = {isa = PBXBuildFile; fileRef = F001 /* OfflineApp.swift */; };
		A002 /* ContentView.swift in Sources */ = {isa = PBXBuildFile; fileRef = F002 /* ContentView.swift */; };
		A003 /* MediaItem.swift in Sources */ = {isa = PBXBuildFile; fileRef = F003 /* MediaItem.swift */; };
		A004 /* Playlist.swift in Sources */ = {isa = PBXBuildFile; fileRef = F004 /* Playlist.swift */; };
		A005 /* AppStore.swift in Sources */ = {isa = PBXBuildFile; fileRef = F005 /* AppStore.swift */; };
		A006 /* AudioPlayerService.swift in Sources */ = {isa = PBXBuildFile; fileRef = F006 /* AudioPlayerService.swift */; };
		A007 /* FileImportService.swift in Sources */ = {isa = PBXBuildFile; fileRef = F007 /* FileImportService.swift */; };
		A008 /* DownloadService.swift in Sources */ = {isa = PBXBuildFile; fileRef = F008 /* DownloadService.swift */; };
		A009 /* LibraryView.swift in Sources */ = {isa = PBXBuildFile; fileRef = F009 /* LibraryView.swift */; };
		A010 /* MediaRowView.swift in Sources */ = {isa = PBXBuildFile; fileRef = F010 /* MediaRowView.swift */; };
		A011 /* PlaylistsView.swift in Sources */ = {isa = PBXBuildFile; fileRef = F011 /* PlaylistsView.swift */; };
		A012 /* PlaylistDetailView.swift in Sources */ = {isa = PBXBuildFile; fileRef = F012 /* PlaylistDetailView.swift */; };
		A013 /* AddToPlaylistSheet.swift in Sources */ = {isa = PBXBuildFile; fileRef = F013 /* AddToPlaylistSheet.swift */; };
		A014 /* PlayerView.swift in Sources */ = {isa = PBXBuildFile; fileRef = F014 /* PlayerView.swift */; };
		A015 /* MiniPlayerView.swift in Sources */ = {isa = PBXBuildFile; fileRef = F015 /* MiniPlayerView.swift */; };
		A016 /* Color+Offline.swift in Sources */ = {isa = PBXBuildFile; fileRef = F016 /* Color+Offline.swift */; };
		A017 /* Assets.xcassets in Resources */ = {isa = PBXBuildFile; fileRef = F017 /* Assets.xcassets */; };
		A018 /* Info.plist in Resources */ = {isa = PBXBuildFile; fileRef = F018 /* Info.plist */; };
		A019 /* OfflineTests.swift in Sources */ = {isa = PBXBuildFile; fileRef = F019 /* OfflineTests.swift */; };
/* End PBXBuildFile section */

/* Begin PBXFileReference section */
		F001 /* OfflineApp.swift */ = {isa = PBXFileReference; lastKnownFileType = sourcecode.swift; path = OfflineApp.swift; sourceTree = "<group>"; };
		F002 /* ContentView.swift */ = {isa = PBXFileReference; lastKnownFileType = sourcecode.swift; path = ContentView.swift; sourceTree = "<group>"; };
		F003 /* MediaItem.swift */ = {isa = PBXFileReference; lastKnownFileType = sourcecode.swift; path = MediaItem.swift; sourceTree = "<group>"; };
		F004 /* Playlist.swift */ = {isa = PBXFileReference; lastKnownFileType = sourcecode.swift; path = Playlist.swift; sourceTree = "<group>"; };
		F005 /* AppStore.swift */ = {isa = PBXFileReference; lastKnownFileType = sourcecode.swift; path = AppStore.swift; sourceTree = "<group>"; };
		F006 /* AudioPlayerService.swift */ = {isa = PBXFileReference; lastKnownFileType = sourcecode.swift; path = AudioPlayerService.swift; sourceTree = "<group>"; };
		F007 /* FileImportService.swift */ = {isa = PBXFileReference; lastKnownFileType = sourcecode.swift; path = FileImportService.swift; sourceTree = "<group>"; };
		F008 /* DownloadService.swift */ = {isa = PBXFileReference; lastKnownFileType = sourcecode.swift; path = DownloadService.swift; sourceTree = "<group>"; };
		F009 /* LibraryView.swift */ = {isa = PBXFileReference; lastKnownFileType = sourcecode.swift; path = LibraryView.swift; sourceTree = "<group>"; };
		F010 /* MediaRowView.swift */ = {isa = PBXFileReference; lastKnownFileType = sourcecode.swift; path = MediaRowView.swift; sourceTree = "<group>"; };
		F011 /* PlaylistsView.swift */ = {isa = PBXFileReference; lastKnownFileType = sourcecode.swift; path = PlaylistsView.swift; sourceTree = "<group>"; };
		F012 /* PlaylistDetailView.swift */ = {isa = PBXFileReference; lastKnownFileType = sourcecode.swift; path = PlaylistDetailView.swift; sourceTree = "<group>"; };
		F013 /* AddToPlaylistSheet.swift */ = {isa = PBXFileReference; lastKnownFileType = sourcecode.swift; path = AddToPlaylistSheet.swift; sourceTree = "<group>"; };
		F014 /* PlayerView.swift */ = {isa = PBXFileReference; lastKnownFileType = sourcecode.swift; path = PlayerView.swift; sourceTree = "<group>"; };
		F015 /* MiniPlayerView.swift */ = {isa = PBXFileReference; lastKnownFileType = sourcecode.swift; path = MiniPlayerView.swift; sourceTree = "<group>"; };
		F016 /* Color+Offline.swift */ = {isa = PBXFileReference; lastKnownFileType = sourcecode.swift; path = Color+Offline.swift; sourceTree = "<group>"; };
		F017 /* Assets.xcassets */ = {isa = PBXFileReference; lastKnownFileType = folder.assetcatalog; path = Assets.xcassets; sourceTree = "<group>"; };
		F018 /* Info.plist */ = {isa = PBXFileReference; lastKnownFileType = text.plist.xml; path = Info.plist; sourceTree = "<group>"; };
		F019 /* OfflineTests.swift */ = {isa = PBXFileReference; lastKnownFileType = sourcecode.swift; path = OfflineTests.swift; sourceTree = "<group>"; };
		PROD /* Offline.app */ = {isa = PBXFileReference; explicitFileType = wrapper.application; includeInIndex = 0; path = Offline.app; sourceTree = BUILT_PRODUCTS_DIR; };
		TEST /* OfflineTests.xctest */ = {isa = PBXFileReference; explicitFileType = wrapper.cfbundle; includeInIndex = 0; path = OfflineTests.xctest; sourceTree = BUILT_PRODUCTS_DIR; };
/* End PBXFileReference section */

/* Begin PBXFrameworksBuildPhase section */
		B001 /* Frameworks */ = {
			isa = PBXFrameworksBuildPhase;
			buildActionMask = 2147483647;
			files = (
			);
			runOnlyForDeploymentPostprocessing = 0;
		};
		B002 /* Frameworks */ = {
			isa = PBXFrameworksBuildPhase;
			buildActionMask = 2147483647;
			files = (
			);
			runOnlyForDeploymentPostprocessing = 0;
		};
/* End PBXFrameworksBuildPhase section */

/* Begin PBXGroup section */
		G000 /* root */ = {
			isa = PBXGroup;
			children = (
				G001 /* Offline */,
				G002 /* OfflineTests */,
				G003 /* Products */,
			);
			sourceTree = "<group>";
		};
		G001 /* Offline */ = {
			isa = PBXGroup;
			children = (
				G010 /* App */,
				G020 /* Models */,
				G030 /* Services */,
				G040 /* Views */,
				G050 /* Extensions */,
				F017 /* Assets.xcassets */,
			);
			path = Offline;
			sourceTree = "<group>";
		};
		G010 /* App */ = {
			isa = PBXGroup;
			children = (
				F001 /* OfflineApp.swift */,
				F018 /* Info.plist */,
			);
			path = App;
			sourceTree = "<group>";
		};
		G020 /* Models */ = {
			isa = PBXGroup;
			children = (
				F003 /* MediaItem.swift */,
				F004 /* Playlist.swift */,
			);
			path = Models;
			sourceTree = "<group>";
		};
		G030 /* Services */ = {
			isa = PBXGroup;
			children = (
				F005 /* AppStore.swift */,
				F006 /* AudioPlayerService.swift */,
				F007 /* FileImportService.swift */,
				F008 /* DownloadService.swift */,
			);
			path = Services;
			sourceTree = "<group>";
		};
		G040 /* Views */ = {
			isa = PBXGroup;
			children = (
				F002 /* ContentView.swift */,
				G041 /* Library */,
				G042 /* Playlists */,
				G043 /* Player */,
				G044 /* Components */,
			);
			path = Views;
			sourceTree = "<group>";
		};
		G041 /* Library */ = {
			isa = PBXGroup;
			children = (
				F009 /* LibraryView.swift */,
			);
			path = Library;
			sourceTree = "<group>";
		};
		G042 /* Playlists */ = {
			isa = PBXGroup;
			children = (
				F011 /* PlaylistsView.swift */,
				F012 /* PlaylistDetailView.swift */,
			);
			path = Playlists;
			sourceTree = "<group>";
		};
		G043 /* Player */ = {
			isa = PBXGroup;
			children = (
				F014 /* PlayerView.swift */,
				F015 /* MiniPlayerView.swift */,
			);
			path = Player;
			sourceTree = "<group>";
		};
		G044 /* Components */ = {
			isa = PBXGroup;
			children = (
				F010 /* MediaRowView.swift */,
				F013 /* AddToPlaylistSheet.swift */,
			);
			path = Components;
			sourceTree = "<group>";
		};
		G050 /* Extensions */ = {
			isa = PBXGroup;
			children = (
				F016 /* Color+Offline.swift */,
			);
			path = Extensions;
			sourceTree = "<group>";
		};
		G002 /* OfflineTests */ = {
			isa = PBXGroup;
			children = (
				F019 /* OfflineTests.swift */,
			);
			path = OfflineTests;
			sourceTree = "<group>";
		};
		G003 /* Products */ = {
			isa = PBXGroup;
			children = (
				PROD /* Offline.app */,
				TEST /* OfflineTests.xctest */,
			);
			name = Products;
			sourceTree = "<group>";
		};
/* End PBXGroup section */

/* Begin PBXNativeTarget section */
		TGT1 /* Offline */ = {
			isa = PBXNativeTarget;
			buildConfigurationList = CL01 /* Build configuration list for PBXNativeTarget "Offline" */;
			buildPhases = (
				PH01 /* Sources */,
				B001 /* Frameworks */,
				PH02 /* Resources */,
			);
			buildRules = (
			);
			dependencies = (
			);
			name = Offline;
			productName = Offline;
			productReference = PROD /* Offline.app */;
			productType = "com.apple.product-type.application";
		};
		TGT2 /* OfflineTests */ = {
			isa = PBXNativeTarget;
			buildConfigurationList = CL02 /* Build configuration list for PBXNativeTarget "OfflineTests" */;
			buildPhases = (
				PH03 /* Sources */,
				B002 /* Frameworks */,
			);
			buildRules = (
			);
			dependencies = (
				DEP1 /* OfflineTests depends on Offline */,
			);
			name = OfflineTests;
			productName = OfflineTests;
			productReference = TEST /* OfflineTests.xctest */;
			productType = "com.apple.product-type.bundle.unit-test";
		};
/* End PBXNativeTarget section */

/* Begin PBXProject section */
		PROJ /* Project object */ = {
			isa = PBXProject;
			attributes = {
				BuildIndependentTargetsInParallel = 1;
				LastSwiftUpdateCheck = 1500;
				LastUpgradeCheck = 1500;
				TargetAttributes = {
					TGT1 = {
						CreatedOnToolsVersion = 15.0;
					};
					TGT2 = {
						CreatedOnToolsVersion = 15.0;
						TestTargetID = TGT1;
					};
				};
			};
			buildConfigurationList = CL00 /* Build configuration list for PBXProject "Offline" */;
			compatibilityVersion = "Xcode 14.0";
			developmentRegion = en;
			hasScannedForEncodings = 0;
			knownRegions = (
				en,
				Base,
			);
			mainGroup = G000 /* root */;
			productRefGroup = G003 /* Products */;
			projectDirPath = "";
			projectRoot = "";
			targets = (
				TGT1 /* Offline */,
				TGT2 /* OfflineTests */,
			);
		};
/* End PBXProject section */

/* Begin PBXResourcesBuildPhase section */
		PH02 /* Resources */ = {
			isa = PBXResourcesBuildPhase;
			buildActionMask = 2147483647;
			files = (
				A017 /* Assets.xcassets in Resources */,
			);
			runOnlyForDeploymentPostprocessing = 0;
		};
/* End PBXResourcesBuildPhase section */

/* Begin PBXSourcesBuildPhase section */
		PH01 /* Sources */ = {
			isa = PBXSourcesBuildPhase;
			buildActionMask = 2147483647;
			files = (
				A001 /* OfflineApp.swift in Sources */,
				A002 /* ContentView.swift in Sources */,
				A003 /* MediaItem.swift in Sources */,
				A004 /* Playlist.swift in Sources */,
				A005 /* AppStore.swift in Sources */,
				A006 /* AudioPlayerService.swift in Sources */,
				A007 /* FileImportService.swift in Sources */,
				A008 /* DownloadService.swift in Sources */,
				A009 /* LibraryView.swift in Sources */,
				A010 /* MediaRowView.swift in Sources */,
				A011 /* PlaylistsView.swift in Sources */,
				A012 /* PlaylistDetailView.swift in Sources */,
				A013 /* AddToPlaylistSheet.swift in Sources */,
				A014 /* PlayerView.swift in Sources */,
				A015 /* MiniPlayerView.swift in Sources */,
				A016 /* Color+Offline.swift in Sources */,
			);
			runOnlyForDeploymentPostprocessing = 0;
		};
		PH03 /* Sources */ = {
			isa = PBXSourcesBuildPhase;
			buildActionMask = 2147483647;
			files = (
				A019 /* OfflineTests.swift in Sources */,
			);
			runOnlyForDeploymentPostprocessing = 0;
		};
/* End PBXSourcesBuildPhase section */

/* Begin PBXTargetDependency section */
		DEP1 /* OfflineTests depends on Offline */ = {
			isa = PBXTargetDependency;
			target = TGT1 /* Offline */;
		};
/* End PBXTargetDependency section */

/* Begin XCBuildConfiguration section */
		BC01 /* Debug */ = {
			isa = XCBuildConfiguration;
			buildSettings = {
				ALWAYS_SEARCH_USER_PATHS = NO;
				ASSETCATALOG_COMPILER_GENERATE_SWIFT_ASSET_SYMBOL_EXTENSIONS = YES;
				CLANG_ANALYZER_NONNULL = YES;
				CLANG_ANALYZER_NUMBER_OBJECT_CONVERSION = YES_AGGRESSIVE;
				CLANG_CXX_LANGUAGE_STANDARD = "gnu++20";
				CLANG_ENABLE_MODULES = YES;
				CLANG_ENABLE_OBJC_ARC = YES;
				CLANG_ENABLE_OBJC_WEAK = YES;
				CLANG_WARN_BLOCK_CAPTURE_AUTORELEASING = YES;
				CLANG_WARN_BOOL_CONVERSION = YES;
				CLANG_WARN_COMMA = YES;
				CLANG_WARN_CONSTANT_CONVERSION = YES;
				CLANG_WARN_DEPRECATED_OBJC_IMPLEMENTATIONS = YES;
				CLANG_WARN_DIRECT_OBJC_ISA_USAGE = YES_ERROR;
				CLANG_WARN_DOCUMENTATION_COMMENTS = YES;
				CLANG_WARN_EMPTY_BODY = YES;
				CLANG_WARN_ENUM_CONVERSION = YES;
				CLANG_WARN_INFINITE_RECURSION = YES;
				CLANG_WARN_INT_CONVERSION = YES;
				CLANG_WARN_NON_LITERAL_NULL_CONVERSION = YES;
				CLANG_WARN_OBJC_IMPLICIT_RETAIN_CYCLE = YES;
				CLANG_WARN_OBJC_LITERAL_CONVERSION = YES;
				CLANG_WARN_OBJC_ROOT_CLASS = YES_ERROR;
				CLANG_WARN_QUOTED_INCLUDE_IN_FRAMEWORK_HEADER = YES;
				CLANG_WARN_RANGE_LOOP_ANALYSIS = YES;
				CLANG_WARN_STRICT_PROTOTYPES = YES;
				CLANG_WARN_SUSPICIOUS_MOVE = YES;
				CLANG_WARN_UNGUARDED_AVAILABILITY = YES_AGGRESSIVE;
				CLANG_WARN_UNREACHABLE_CODE = YES;
				CLANG_WARN__DUPLICATE_METHOD_MATCH = YES;
				COPY_PHASE_STRIP = NO;
				DEBUG_INFORMATION_FORMAT = dwarf;
				ENABLE_STRICT_OBJC_MSGSEND = YES;
				ENABLE_TESTABILITY = YES;
				ENABLE_USER_SCRIPT_SANDBOXING = YES;
				GCC_C_LANGUAGE_STANDARD = gnu17;
				GCC_DYNAMIC_NO_PIC = NO;
				GCC_NO_COMMON_BLOCKS = YES;
				GCC_OPTIMIZATION_LEVEL = 0;
				GCC_PREPROCESSOR_DEFINITIONS = (
					"DEBUG=1",
					"$(inherited)",
				);
				GCC_WARN_64_TO_32_BIT_CONVERSION = YES;
				GCC_WARN_ABOUT_RETURN_TYPE = YES_ERROR;
				GCC_WARN_UNDECLARED_SELECTOR = YES;
				GCC_WARN_UNINITIALIZED_AUTOS = YES_AGGRESSIVE;
				GCC_WARN_UNUSED_FUNCTION = YES;
				GCC_WARN_UNUSED_VARIABLE = YES;
				IPHONEOS_DEPLOYMENT_TARGET = 17.0;
				MTL_ENABLE_DEBUG_INFO = INCLUDE_SOURCE;
				MTL_FAST_MATH = YES;
				ONLY_ACTIVE_ARCH = YES;
				SDKROOT = iphoneos;
				SWIFT_ACTIVE_COMPILATION_CONDITIONS = "DEBUG $(inherited)";
				SWIFT_OPTIMIZATION_LEVEL = "-Onone";
			};
			name = Debug;
		};
		BC02 /* Release */ = {
			isa = XCBuildConfiguration;
			buildSettings = {
				ALWAYS_SEARCH_USER_PATHS = NO;
				ASSETCATALOG_COMPILER_GENERATE_SWIFT_ASSET_SYMBOL_EXTENSIONS = YES;
				CLANG_ANALYZER_NONNULL = YES;
				CLANG_ANALYZER_NUMBER_OBJECT_CONVERSION = YES_AGGRESSIVE;
				CLANG_CXX_LANGUAGE_STANDARD = "gnu++20";
				CLANG_ENABLE_MODULES = YES;
				CLANG_ENABLE_OBJC_ARC = YES;
				CLANG_ENABLE_OBJC_WEAK = YES;
				CLANG_WARN_BLOCK_CAPTURE_AUTORELEASING = YES;
				CLANG_WARN_BOOL_CONVERSION = YES;
				CLANG_WARN_COMMA = YES;
				CLANG_WARN_CONSTANT_CONVERSION = YES;
				CLANG_WARN_DEPRECATED_OBJC_IMPLEMENTATIONS = YES;
				CLANG_WARN_DIRECT_OBJC_ISA_USAGE = YES_ERROR;
				CLANG_WARN_DOCUMENTATION_COMMENTS = YES;
				CLANG_WARN_EMPTY_BODY = YES;
				CLANG_WARN_ENUM_CONVERSION = YES;
				CLANG_WARN_INFINITE_RECURSION = YES;
				CLANG_WARN_INT_CONVERSION = YES;
				CLANG_WARN_NON_LITERAL_NULL_CONVERSION = YES;
				CLANG_WARN_OBJC_IMPLICIT_RETAIN_CYCLE = YES;
				CLANG_WARN_OBJC_LITERAL_CONVERSION = YES;
				CLANG_WARN_OBJC_ROOT_CLASS = YES_ERROR;
				CLANG_WARN_QUOTED_INCLUDE_IN_FRAMEWORK_HEADER = YES;
				CLANG_WARN_RANGE_LOOP_ANALYSIS = YES;
				CLANG_WARN_STRICT_PROTOTYPES = YES;
				CLANG_WARN_SUSPICIOUS_MOVE = YES;
				CLANG_WARN_UNGUARDED_AVAILABILITY = YES_AGGRESSIVE;
				CLANG_WARN_UNREACHABLE_CODE = YES;
				CLANG_WARN__DUPLICATE_METHOD_MATCH = YES;
				COPY_PHASE_STRIP = NO;
				DEBUG_INFORMATION_FORMAT = "dwarf-with-dsym";
				ENABLE_NS_ASSERTIONS = NO;
				ENABLE_STRICT_OBJC_MSGSEND = YES;
				ENABLE_USER_SCRIPT_SANDBOXING = YES;
				GCC_C_LANGUAGE_STANDARD = gnu17;
				GCC_NO_COMMON_BLOCKS = YES;
				GCC_WARN_64_TO_32_BIT_CONVERSION = YES;
				GCC_WARN_ABOUT_RETURN_TYPE = YES_ERROR;
				GCC_WARN_UNDECLARED_SELECTOR = YES;
				GCC_WARN_UNINITIALIZED_AUTOS = YES_AGGRESSIVE;
				GCC_WARN_UNUSED_FUNCTION = YES;
				GCC_WARN_UNUSED_VARIABLE = YES;
				IPHONEOS_DEPLOYMENT_TARGET = 17.0;
				MTL_FAST_MATH = YES;
				SDKROOT = iphoneos;
				SWIFT_COMPILATION_MODE = wholemodule;
				VALIDATE_PRODUCT = YES;
			};
			name = Release;
		};
		BC03 /* Debug - App */ = {
			isa = XCBuildConfiguration;
			buildSettings = {
				ASSETCATALOG_COMPILER_APPICON_NAME = AppIcon;
				ASSETCATALOG_COMPILER_GLOBAL_ACCENT_COLOR_NAME = AccentColor;
				CODE_SIGN_STYLE = Automatic;
				CURRENT_PROJECT_VERSION = 1;
				GENERATE_INFOPLIST_FILE = NO;
				INFOPLIST_FILE = Offline/App/Info.plist;
				INFOPLIST_KEY_UIApplicationSceneManifest_Generation = NO;
				LD_RUNPATH_SEARCH_PATHS = (
					"$(inherited)",
					"@executable_path/Frameworks",
				);
				MARKETING_VERSION = 1.0;
				PRODUCT_BUNDLE_IDENTIFIER = com.offline.app;
				PRODUCT_NAME = "$(TARGET_NAME)";
				SWIFT_EMIT_LOC_STRINGS = YES;
				SWIFT_VERSION = 5.0;
				TARGETED_DEVICE_FAMILY = "1,2";
			};
			name = Debug;
		};
		BC04 /* Release - App */ = {
			isa = XCBuildConfiguration;
			buildSettings = {
				ASSETCATALOG_COMPILER_APPICON_NAME = AppIcon;
				ASSETCATALOG_COMPILER_GLOBAL_ACCENT_COLOR_NAME = AccentColor;
				CODE_SIGN_STYLE = Automatic;
				CURRENT_PROJECT_VERSION = 1;
				GENERATE_INFOPLIST_FILE = NO;
				INFOPLIST_FILE = Offline/App/Info.plist;
				INFOPLIST_KEY_UIApplicationSceneManifest_Generation = NO;
				LD_RUNPATH_SEARCH_PATHS = (
					"$(inherited)",
					"@executable_path/Frameworks",
				);
				MARKETING_VERSION = 1.0;
				PRODUCT_BUNDLE_IDENTIFIER = com.offline.app;
				PRODUCT_NAME = "$(TARGET_NAME)";
				SWIFT_EMIT_LOC_STRINGS = YES;
				SWIFT_VERSION = 5.0;
				TARGETED_DEVICE_FAMILY = "1,2";
			};
			name = Release;
		};
		BC05 /* Debug - Tests */ = {
			isa = XCBuildConfiguration;
			buildSettings = {
				BUNDLE_LOADER = "$(TEST_HOST)";
				CODE_SIGN_STYLE = Automatic;
				CURRENT_PROJECT_VERSION = 1;
				GENERATE_INFOPLIST_FILE = YES;
				MARKETING_VERSION = 1.0;
				PRODUCT_BUNDLE_IDENTIFIER = com.offline.app.tests;
				PRODUCT_NAME = "$(TARGET_NAME)";
				SWIFT_EMIT_LOC_STRINGS = NO;
				SWIFT_VERSION = 5.0;
				TARGETED_DEVICE_FAMILY = "1,2";
				TEST_HOST = "$(BUILT_PRODUCTS_DIR)/Offline.app/$(BUNDLE_EXECUTABLE_FOLDER_PATH)/Offline";
			};
			name = Debug;
		};
		BC06 /* Release - Tests */ = {
			isa = XCBuildConfiguration;
			buildSettings = {
				BUNDLE_LOADER = "$(TEST_HOST)";
				CODE_SIGN_STYLE = Automatic;
				CURRENT_PROJECT_VERSION = 1;
				GENERATE_INFOPLIST_FILE = YES;
				MARKETING_VERSION = 1.0;
				PRODUCT_BUNDLE_IDENTIFIER = com.offline.app.tests;
				PRODUCT_NAME = "$(TARGET_NAME)";
				SWIFT_EMIT_LOC_STRINGS = NO;
				SWIFT_VERSION = 5.0;
				TARGETED_DEVICE_FAMILY = "1,2";
				TEST_HOST = "$(BUILT_PRODUCTS_DIR)/Offline.app/$(BUNDLE_EXECUTABLE_FOLDER_PATH)/Offline";
			};
			name = Release;
		};
/* End XCBuildConfiguration section */

/* Begin XCConfigurationList section */
		CL00 /* Build configuration list for PBXProject "Offline" */ = {
			isa = XCConfigurationList;
			buildConfigurations = (
				BC01 /* Debug */,
				BC02 /* Release */,
			);
			defaultConfigurationIsVisible = 0;
			defaultConfigurationName = Release;
		};
		CL01 /* Build configuration list for PBXNativeTarget "Offline" */ = {
			isa = XCConfigurationList;
			buildConfigurations = (
				BC03 /* Debug */,
				BC04 /* Release */,
			);
			defaultConfigurationIsVisible = 0;
			defaultConfigurationName = Release;
		};
		CL02 /* Build configuration list for PBXNativeTarget "OfflineTests" */ = {
			isa = XCConfigurationList;
			buildConfigurations = (
				BC05 /* Debug */,
				BC06 /* Release */,
			);
			defaultConfigurationIsVisible = 0;
			defaultConfigurationName = Release;
		};
/* End XCConfigurationList section */

	};
	rootObject = PROJ /* Project object */;
}
